<?xml version="1.0" encoding="utf-8"?>
<Project ToolsVersion="4.0" xmlns="http://schemas.microsoft.com/developer/msbuild/2003">
  <ItemGroup>
    <Filter Include="Arquivos de Origem">
      <UniqueIdentifier>{4FC737F1-C7A5-4376-A066-2A32D752A2FF}</UniqueIdentifier>
      <Extensions>cpp;c;cc;cxx;c++;cppm;ixx;def;odl;idl;hpj;bat;asm;asmx</Extensions>
    </Filter>
    <Filter Include="Arquivos de Cabeçalho">
      <UniqueIdentifier>{93995380-89BD-4b04-88EB-625FBE52EBFB}</UniqueIdentifier>
      <Extensions>h;hh;hpp;hxx;h++;hm;inl;inc;ipp;xsd</Extensions>
    </Filter>
    <Filter Include="Arquivos de Recurso">
      <UniqueIdentifier>{67DA6AB6-F800-4c08-8B7A-83BB121AAD01}</UniqueIdentifier>
      <Extensions>rc;ico;cur;bmp;dlg;rc2;rct;bin;rgs;gif;jpg;jpeg;jpe;resx;tiff;tif;png;wav;mfcribbon-ms</Extensions>
    </Filter>
    <Filter Include="Arquivos de Origem\include">
      <UniqueIdentifier>{cb4f0f37-0993-4de8-9bab-9d0305cdb7f9}</UniqueIdentifier>
    </Filter>
    <Filter Include="Arquivos de Origem\include\Entidades">
      <UniqueIdentifier>{4ca9b0ec-e274-4c78-b526-8da246e321ad}</UniqueIdentifier>
    </Filter>
    <Filter Include="Arquivos de Origem\include\Entidades\Personagens">
      <UniqueIdentifier>{8b8e0f3a-fe53-4b24-8662-7956ddf0f176}</UniqueIdentifier>
    </Filter>
    <Filter Include="Arquivos de Origem\include\Controles">
      <UniqueIdentifier>{0a22ce26-70f2-4f01-9e3c-e220b48962ac}</UniqueIdentifier>
    </Filter>
    <Filter Include="Arquivos de Origem\include\Gerenciadores">
      <UniqueIdentifier>{f892f27a-7c64-4d7f-813e-2ac2e5b5b7de}</UniqueIdentifier>
    </Filter>
    <Filter Include="Arquivos de Origem\include\SFML">
      <UniqueIdentifier>{5558d692-3f9d-4906-a166-2bf2f84a5d15}</UniqueIdentifier>
    </Filter>
    <Filter Include="Arquivos de Origem\include\SFML\Audio">
      <UniqueIdentifier>{c4f77b6d-0329-46ce-9c82-45e3e743f18e}</UniqueIdentifier>
    </Filter>
    <Filter Include="Arquivos de Origem\include\SFML\Graphics">
      <UniqueIdentifier>{5921119d-14e7-4d9a-bf13-fa98aece6dcb}</UniqueIdentifier>
    </Filter>
    <Filter Include="Arquivos de Origem\include\SFML\Network">
      <UniqueIdentifier>{2bb1bbd1-ce72-49ac-9833-3001c15c543a}</UniqueIdentifier>
    </Filter>
    <Filter Include="Arquivos de Origem\include\SFML\System">
      <UniqueIdentifier>{5d2a9f2c-ddc2-49f8-84ab-fa26c6d17623}</UniqueIdentifier>
    </Filter>
    <Filter Include="Arquivos de Origem\include\SFML\Window">
      <UniqueIdentifier>{1ba0f24a-1fd4-487a-b9a3-e4d042f9a4da}</UniqueIdentifier>
    </Filter>
    <Filter Include="Arquivos de Cabeçalho\include">
      <UniqueIdentifier>{821e4727-ad3a-4184-8c0e-1e4ebc81fcc7}</UniqueIdentifier>
    </Filter>
    <Filter Include="Arquivos de Cabeçalho\include\Entidades">
      <UniqueIdentifier>{f5b5e1e4-714c-4a4d-929a-a4b66cbdb0fa}</UniqueIdentifier>
    </Filter>
    <Filter Include="Arquivos de Cabeçalho\include\Entidades\Personagens">
      <UniqueIdentifier>{b37a03c7-18b9-4213-8fc6-f96c8acc32f7}</UniqueIdentifier>
    </Filter>
    <Filter Include="Arquivos de Cabeçalho\include\Controles">
      <UniqueIdentifier>{94325182-5311-4214-af23-5e3e3b82e398}</UniqueIdentifier>
    </Filter>
    <Filter Include="Arquivos de Cabeçalho\include\Fases">
      <UniqueIdentifier>{1b3b1e52-7e5b-4665-886f-9bbcd4f3cfd1}</UniqueIdentifier>
    </Filter>
    <Filter Include="Arquivos de Cabeçalho\include\Gerenciadores">
      <UniqueIdentifier>{a44b09a7-3ea6-4982-813c-1b9f242566f5}</UniqueIdentifier>
    </Filter>
    <Filter Include="Arquivos de Cabeçalho\include\Listas">
      <UniqueIdentifier>{a73d9338-8fd1-4162-aadb-14841c71693c}</UniqueIdentifier>
    </Filter>
    <Filter Include="Arquivos de Cabeçalho\include\Math">
      <UniqueIdentifier>{a45fe0c5-d042-479d-94a2-e2713385badf}</UniqueIdentifier>
    </Filter>
  </ItemGroup>
  <ItemGroup>
    <ClCompile Include="main.cpp">
      <Filter>Arquivos de Origem</Filter>
    </ClCompile>
    <ClCompile Include="Fase.cpp">
      <Filter>Arquivos de Origem</Filter>
    </ClCompile>
    <ClCompile Include="Principal.cpp">
      <Filter>Arquivos de Origem</Filter>
    </ClCompile>
    <ClCompile Include="include\Controles\ControleJogador.cpp">
      <Filter>Arquivos de Origem\include\Controles</Filter>
    </ClCompile>
    <ClCompile Include="include\Gerenciadores\GerenciadorColisao.cpp">
      <Filter>Arquivos de Origem\include\Gerenciadores</Filter>
    </ClCompile>
    <ClCompile Include="include\Entidades\Entidade.cpp">
      <Filter>Arquivos de Origem\include\Entidades</Filter>
    </ClCompile>
    <ClCompile Include="include\Entidades\Personagem.cpp">
      <Filter>Arquivos de Origem\include\Entidades</Filter>
    </ClCompile>
    <ClCompile Include="include\Entidades\Plataforma.cpp">
      <Filter>Arquivos de Origem\include\Entidades</Filter>
    </ClCompile>
    <ClCompile Include="include\Entidades\Personagens\Jogador.cpp">
      <Filter>Arquivos de Origem\include\Entidades\Personagens</Filter>
    </ClCompile>
    <ClCompile Include="Fase1.cpp">
      <Filter>Arquivos de Origem</Filter>
    </ClCompile>
  </ItemGroup>
  <ItemGroup>
    <ClInclude Include="include\Ente.h">
      <Filter>Arquivos de Origem\include</Filter>
    </ClInclude>
    <ClInclude Include="include\SFML\Audio.hpp">
      <Filter>Arquivos de Origem\include\SFML</Filter>
    </ClInclude>
    <ClInclude Include="include\SFML\Config.hpp">
      <Filter>Arquivos de Origem\include\SFML</Filter>
    </ClInclude>
    <ClInclude Include="include\SFML\GpuPreference.hpp">
      <Filter>Arquivos de Origem\include\SFML</Filter>
    </ClInclude>
    <ClInclude Include="include\SFML\Graphics.hpp">
      <Filter>Arquivos de Origem\include\SFML</Filter>
    </ClInclude>
    <ClInclude Include="include\SFML\Main.hpp">
      <Filter>Arquivos de Origem\include\SFML</Filter>
    </ClInclude>
    <ClInclude Include="include\SFML\Network.hpp">
      <Filter>Arquivos de Origem\include\SFML</Filter>
    </ClInclude>
    <ClInclude Include="include\SFML\OpenGL.hpp">
      <Filter>Arquivos de Origem\include\SFML</Filter>
    </ClInclude>
    <ClInclude Include="include\SFML\System.hpp">
      <Filter>Arquivos de Origem\include\SFML</Filter>
    </ClInclude>
    <ClInclude Include="include\SFML\Window.hpp">
      <Filter>Arquivos de Origem\include\SFML</Filter>
    </ClInclude>
    <ClInclude Include="include\SFML\Audio\AlResource.hpp">
      <Filter>Arquivos de Origem\include\SFML\Audio</Filter>
    </ClInclude>
    <ClInclude Include="include\SFML\Audio\Export.hpp">
      <Filter>Arquivos de Origem\include\SFML\Audio</Filter>
    </ClInclude>
    <ClInclude Include="include\SFML\Audio\InputSoundFile.hpp">
      <Filter>Arquivos de Origem\include\SFML\Audio</Filter>
    </ClInclude>
    <ClInclude Include="include\SFML\Audio\Listener.hpp">
      <Filter>Arquivos de Origem\include\SFML\Audio</Filter>
    </ClInclude>
    <ClInclude Include="include\SFML\Audio\Music.hpp">
      <Filter>Arquivos de Origem\include\SFML\Audio</Filter>
    </ClInclude>
    <ClInclude Include="include\SFML\Audio\OutputSoundFile.hpp">
      <Filter>Arquivos de Origem\include\SFML\Audio</Filter>
    </ClInclude>
    <ClInclude Include="include\SFML\Audio\Sound.hpp">
      <Filter>Arquivos de Origem\include\SFML\Audio</Filter>
    </ClInclude>
    <ClInclude Include="include\SFML\Audio\SoundBuffer.hpp">
      <Filter>Arquivos de Origem\include\SFML\Audio</Filter>
    </ClInclude>
    <ClInclude Include="include\SFML\Audio\SoundBufferRecorder.hpp">
      <Filter>Arquivos de Origem\include\SFML\Audio</Filter>
    </ClInclude>
    <ClInclude Include="include\SFML\Audio\SoundFileFactory.hpp">
      <Filter>Arquivos de Origem\include\SFML\Audio</Filter>
    </ClInclude>
    <ClInclude Include="include\SFML\Audio\SoundFileReader.hpp">
      <Filter>Arquivos de Origem\include\SFML\Audio</Filter>
    </ClInclude>
    <ClInclude Include="include\SFML\Audio\SoundFileWriter.hpp">
      <Filter>Arquivos de Origem\include\SFML\Audio</Filter>
    </ClInclude>
    <ClInclude Include="include\SFML\Audio\SoundRecorder.hpp">
      <Filter>Arquivos de Origem\include\SFML\Audio</Filter>
    </ClInclude>
    <ClInclude Include="include\SFML\Audio\SoundSource.hpp">
      <Filter>Arquivos de Origem\include\SFML\Audio</Filter>
    </ClInclude>
    <ClInclude Include="include\SFML\Audio\SoundStream.hpp">
      <Filter>Arquivos de Origem\include\SFML\Audio</Filter>
    </ClInclude>
    <ClInclude Include="include\SFML\Graphics\BlendMode.hpp">
      <Filter>Arquivos de Origem\include\SFML\Graphics</Filter>
    </ClInclude>
    <ClInclude Include="include\SFML\Graphics\CircleShape.hpp">
      <Filter>Arquivos de Origem\include\SFML\Graphics</Filter>
    </ClInclude>
    <ClInclude Include="include\SFML\Graphics\Color.hpp">
      <Filter>Arquivos de Origem\include\SFML\Graphics</Filter>
    </ClInclude>
    <ClInclude Include="include\SFML\Graphics\ConvexShape.hpp">
      <Filter>Arquivos de Origem\include\SFML\Graphics</Filter>
    </ClInclude>
    <ClInclude Include="include\SFML\Graphics\Drawable.hpp">
      <Filter>Arquivos de Origem\include\SFML\Graphics</Filter>
    </ClInclude>
    <ClInclude Include="include\SFML\Graphics\Export.hpp">
      <Filter>Arquivos de Origem\include\SFML\Graphics</Filter>
    </ClInclude>
    <ClInclude Include="include\SFML\Graphics\Font.hpp">
      <Filter>Arquivos de Origem\include\SFML\Graphics</Filter>
    </ClInclude>
    <ClInclude Include="include\SFML\Graphics\Glsl.hpp">
      <Filter>Arquivos de Origem\include\SFML\Graphics</Filter>
    </ClInclude>
    <ClInclude Include="include\SFML\Graphics\Glyph.hpp">
      <Filter>Arquivos de Origem\include\SFML\Graphics</Filter>
    </ClInclude>
    <ClInclude Include="include\SFML\Graphics\Image.hpp">
      <Filter>Arquivos de Origem\include\SFML\Graphics</Filter>
    </ClInclude>
    <ClInclude Include="include\SFML\Graphics\PrimitiveType.hpp">
      <Filter>Arquivos de Origem\include\SFML\Graphics</Filter>
    </ClInclude>
    <ClInclude Include="include\SFML\Graphics\Rect.hpp">
      <Filter>Arquivos de Origem\include\SFML\Graphics</Filter>
    </ClInclude>
    <ClInclude Include="include\SFML\Graphics\RectangleShape.hpp">
      <Filter>Arquivos de Origem\include\SFML\Graphics</Filter>
    </ClInclude>
    <ClInclude Include="include\SFML\Graphics\RenderStates.hpp">
      <Filter>Arquivos de Origem\include\SFML\Graphics</Filter>
    </ClInclude>
    <ClInclude Include="include\SFML\Graphics\RenderTarget.hpp">
      <Filter>Arquivos de Origem\include\SFML\Graphics</Filter>
    </ClInclude>
    <ClInclude Include="include\SFML\Graphics\RenderTexture.hpp">
      <Filter>Arquivos de Origem\include\SFML\Graphics</Filter>
    </ClInclude>
    <ClInclude Include="include\SFML\Graphics\RenderWindow.hpp">
      <Filter>Arquivos de Origem\include\SFML\Graphics</Filter>
    </ClInclude>
    <ClInclude Include="include\SFML\Graphics\Shader.hpp">
      <Filter>Arquivos de Origem\include\SFML\Graphics</Filter>
    </ClInclude>
    <ClInclude Include="include\SFML\Graphics\Shape.hpp">
      <Filter>Arquivos de Origem\include\SFML\Graphics</Filter>
    </ClInclude>
    <ClInclude Include="include\SFML\Graphics\Sprite.hpp">
      <Filter>Arquivos de Origem\include\SFML\Graphics</Filter>
    </ClInclude>
    <ClInclude Include="include\SFML\Graphics\Text.hpp">
      <Filter>Arquivos de Origem\include\SFML\Graphics</Filter>
    </ClInclude>
    <ClInclude Include="include\SFML\Graphics\Texture.hpp">
      <Filter>Arquivos de Origem\include\SFML\Graphics</Filter>
    </ClInclude>
    <ClInclude Include="include\SFML\Graphics\Transform.hpp">
      <Filter>Arquivos de Origem\include\SFML\Graphics</Filter>
    </ClInclude>
    <ClInclude Include="include\SFML\Graphics\Transformable.hpp">
      <Filter>Arquivos de Origem\include\SFML\Graphics</Filter>
    </ClInclude>
    <ClInclude Include="include\SFML\Graphics\Vertex.hpp">
      <Filter>Arquivos de Origem\include\SFML\Graphics</Filter>
    </ClInclude>
    <ClInclude Include="include\SFML\Graphics\VertexArray.hpp">
      <Filter>Arquivos de Origem\include\SFML\Graphics</Filter>
    </ClInclude>
    <ClInclude Include="include\SFML\Graphics\VertexBuffer.hpp">
      <Filter>Arquivos de Origem\include\SFML\Graphics</Filter>
    </ClInclude>
    <ClInclude Include="include\SFML\Graphics\View.hpp">
      <Filter>Arquivos de Origem\include\SFML\Graphics</Filter>
    </ClInclude>
    <ClInclude Include="include\SFML\Network\Export.hpp">
      <Filter>Arquivos de Origem\include\SFML\Network</Filter>
    </ClInclude>
    <ClInclude Include="include\SFML\Network\Ftp.hpp">
      <Filter>Arquivos de Origem\include\SFML\Network</Filter>
    </ClInclude>
    <ClInclude Include="include\SFML\Network\Http.hpp">
      <Filter>Arquivos de Origem\include\SFML\Network</Filter>
    </ClInclude>
    <ClInclude Include="include\SFML\Network\IpAddress.hpp">
      <Filter>Arquivos de Origem\include\SFML\Network</Filter>
    </ClInclude>
    <ClInclude Include="include\SFML\Network\Packet.hpp">
      <Filter>Arquivos de Origem\include\SFML\Network</Filter>
    </ClInclude>
    <ClInclude Include="include\SFML\Network\Socket.hpp">
      <Filter>Arquivos de Origem\include\SFML\Network</Filter>
    </ClInclude>
    <ClInclude Include="include\SFML\Network\SocketHandle.hpp">
      <Filter>Arquivos de Origem\include\SFML\Network</Filter>
    </ClInclude>
    <ClInclude Include="include\SFML\Network\SocketSelector.hpp">
      <Filter>Arquivos de Origem\include\SFML\Network</Filter>
    </ClInclude>
    <ClInclude Include="include\SFML\Network\TcpListener.hpp">
      <Filter>Arquivos de Origem\include\SFML\Network</Filter>
    </ClInclude>
    <ClInclude Include="include\SFML\Network\TcpSocket.hpp">
      <Filter>Arquivos de Origem\include\SFML\Network</Filter>
    </ClInclude>
    <ClInclude Include="include\SFML\Network\UdpSocket.hpp">
      <Filter>Arquivos de Origem\include\SFML\Network</Filter>
    </ClInclude>
    <ClInclude Include="include\SFML\Window\Clipboard.hpp">
      <Filter>Arquivos de Origem\include\SFML\Window</Filter>
    </ClInclude>
    <ClInclude Include="include\SFML\Window\Context.hpp">
      <Filter>Arquivos de Origem\include\SFML\Window</Filter>
    </ClInclude>
    <ClInclude Include="include\SFML\Window\ContextSettings.hpp">
      <Filter>Arquivos de Origem\include\SFML\Window</Filter>
    </ClInclude>
    <ClInclude Include="include\SFML\Window\Cursor.hpp">
      <Filter>Arquivos de Origem\include\SFML\Window</Filter>
    </ClInclude>
    <ClInclude Include="include\SFML\Window\Event.hpp">
      <Filter>Arquivos de Origem\include\SFML\Window</Filter>
    </ClInclude>
    <ClInclude Include="include\SFML\Window\Export.hpp">
      <Filter>Arquivos de Origem\include\SFML\Window</Filter>
    </ClInclude>
    <ClInclude Include="include\SFML\Window\GlResource.hpp">
      <Filter>Arquivos de Origem\include\SFML\Window</Filter>
    </ClInclude>
    <ClInclude Include="include\SFML\Window\Joystick.hpp">
      <Filter>Arquivos de Origem\include\SFML\Window</Filter>
    </ClInclude>
    <ClInclude Include="include\SFML\Window\Keyboard.hpp">
      <Filter>Arquivos de Origem\include\SFML\Window</Filter>
    </ClInclude>
    <ClInclude Include="include\SFML\Window\Mouse.hpp">
      <Filter>Arquivos de Origem\include\SFML\Window</Filter>
    </ClInclude>
    <ClInclude Include="include\SFML\Window\Sensor.hpp">
      <Filter>Arquivos de Origem\include\SFML\Window</Filter>
    </ClInclude>
    <ClInclude Include="include\SFML\Window\Touch.hpp">
      <Filter>Arquivos de Origem\include\SFML\Window</Filter>
    </ClInclude>
    <ClInclude Include="include\SFML\Window\VideoMode.hpp">
      <Filter>Arquivos de Origem\include\SFML\Window</Filter>
    </ClInclude>
    <ClInclude Include="include\SFML\Window\Window.hpp">
      <Filter>Arquivos de Origem\include\SFML\Window</Filter>
    </ClInclude>
    <ClInclude Include="include\SFML\Window\WindowHandle.hpp">
      <Filter>Arquivos de Origem\include\SFML\Window</Filter>
    </ClInclude>
    <ClInclude Include="include\SFML\Window\WindowStyle.hpp">
      <Filter>Arquivos de Origem\include\SFML\Window</Filter>
    </ClInclude>
    <ClInclude Include="include\SFML\System\Clock.hpp">
      <Filter>Arquivos de Origem\include\SFML\System</Filter>
    </ClInclude>
    <ClInclude Include="include\SFML\System\Err.hpp">
      <Filter>Arquivos de Origem\include\SFML\System</Filter>
    </ClInclude>
    <ClInclude Include="include\SFML\System\Export.hpp">
      <Filter>Arquivos de Origem\include\SFML\System</Filter>
    </ClInclude>
    <ClInclude Include="include\SFML\System\FileInputStream.hpp">
      <Filter>Arquivos de Origem\include\SFML\System</Filter>
    </ClInclude>
    <ClInclude Include="include\SFML\System\InputStream.hpp">
      <Filter>Arquivos de Origem\include\SFML\System</Filter>
    </ClInclude>
    <ClInclude Include="include\SFML\System\Lock.hpp">
      <Filter>Arquivos de Origem\include\SFML\System</Filter>
    </ClInclude>
    <ClInclude Include="include\SFML\System\MemoryInputStream.hpp">
      <Filter>Arquivos de Origem\include\SFML\System</Filter>
    </ClInclude>
    <ClInclude Include="include\SFML\System\Mutex.hpp">
      <Filter>Arquivos de Origem\include\SFML\System</Filter>
    </ClInclude>
    <ClInclude Include="include\SFML\System\NativeActivity.hpp">
      <Filter>Arquivos de Origem\include\SFML\System</Filter>
    </ClInclude>
    <ClInclude Include="include\SFML\System\NonCopyable.hpp">
      <Filter>Arquivos de Origem\include\SFML\System</Filter>
    </ClInclude>
    <ClInclude Include="include\SFML\System\Sleep.hpp">
      <Filter>Arquivos de Origem\include\SFML\System</Filter>
    </ClInclude>
    <ClInclude Include="include\SFML\System\String.hpp">
      <Filter>Arquivos de Origem\include\SFML\System</Filter>
    </ClInclude>
    <ClInclude Include="include\SFML\System\Thread.hpp">
      <Filter>Arquivos de Origem\include\SFML\System</Filter>
    </ClInclude>
    <ClInclude Include="include\SFML\System\ThreadLocal.hpp">
      <Filter>Arquivos de Origem\include\SFML\System</Filter>
    </ClInclude>
    <ClInclude Include="include\SFML\System\ThreadLocalPtr.hpp">
      <Filter>Arquivos de Origem\include\SFML\System</Filter>
    </ClInclude>
    <ClInclude Include="include\SFML\System\Time.hpp">
      <Filter>Arquivos de Origem\include\SFML\System</Filter>
    </ClInclude>
    <ClInclude Include="include\SFML\System\Utf.hpp">
      <Filter>Arquivos de Origem\include\SFML\System</Filter>
    </ClInclude>
    <ClInclude Include="include\SFML\System\Vector2.hpp">
      <Filter>Arquivos de Origem\include\SFML\System</Filter>
    </ClInclude>
    <ClInclude Include="include\SFML\System\Vector3.hpp">
      <Filter>Arquivos de Origem\include\SFML\System</Filter>
    </ClInclude>
    <ClInclude Include="include\Entidades\Entidade.h">
      <Filter>Arquivos de Cabeçalho\include\Entidades</Filter>
    </ClInclude>
    <ClInclude Include="include\Entidades\Personagem.h">
      <Filter>Arquivos de Cabeçalho\include\Entidades</Filter>
    </ClInclude>
    <ClInclude Include="include\Entidades\Plataforma.h">
      <Filter>Arquivos de Cabeçalho\include\Entidades</Filter>
    </ClInclude>
    <ClInclude Include="include\Entidades\Personagens\Jogador.h">
      <Filter>Arquivos de Cabeçalho\include\Entidades\Personagens</Filter>
    </ClInclude>
    <ClInclude Include="include\Controles\ControleJogador.h">
      <Filter>Arquivos de Cabeçalho\include\Controles</Filter>
    </ClInclude>
    <ClInclude Include="include\Fases\Fase.h">
      <Filter>Arquivos de Cabeçalho\include\Fases</Filter>
    </ClInclude>
    <ClInclude Include="include\Fases\Fase1.h">
      <Filter>Arquivos de Cabeçalho\include\Fases</Filter>
    </ClInclude>
    <ClInclude Include="include\Gerenciadores\GerenciadorColisao.h">
      <Filter>Arquivos de Cabeçalho\include\Gerenciadores</Filter>
    </ClInclude>
    <ClInclude Include="include\Listas\ListaEntidades.h">
      <Filter>Arquivos de Cabeçalho\include\Listas</Filter>
    </ClInclude>
    <ClInclude Include="include\Math\Coord.h">
      <Filter>Arquivos de Cabeçalho\include\Math</Filter>
    </ClInclude>
  </ItemGroup>
  <ItemGroup>
    <None Include="include\SFML\Audio\SoundFileFactory.inl">
      <Filter>Arquivos de Origem\include\SFML\Audio</Filter>
    </None>
    <None Include="include\SFML\Graphics\Glsl.inl">
      <Filter>Arquivos de Origem\include\SFML\Graphics</Filter>
    </None>
    <None Include="include\SFML\Graphics\Rect.inl">
      <Filter>Arquivos de Origem\include\SFML\Graphics</Filter>
    </None>
    <None Include="include\SFML\System\String.inl">
      <Filter>Arquivos de Origem\include\SFML\System</Filter>
    </None>
    <None Include="include\SFML\System\Thread.inl">
      <Filter>Arquivos de Origem\include\SFML\System</Filter>
    </None>
    <None Include="include\SFML\System\ThreadLocalPtr.inl">
      <Filter>Arquivos de Origem\include\SFML\System</Filter>
    </None>
    <None Include="include\SFML\System\Utf.inl">
      <Filter>Arquivos de Origem\include\SFML\System</Filter>
    </None>
    <None Include="include\SFML\System\Vector2.inl">
      <Filter>Arquivos de Origem\include\SFML\System</Filter>
    </None>
    <None Include="include\SFML\System\Vector3.inl">
      <Filter>Arquivos de Origem\include\SFML\System</Filter>
    </None>
  </ItemGroup>
</Project>